// !$*UTF8*$!
{
	archiveVersion = 1;
	classes = {
	};
	objectVersion = 46;
	objects = {

/* Begin PBXBuildFile section */
		07CD4BF518DA2A90007B1CD1 /* Foundation.framework in Frameworks */ = {isa = PBXBuildFile; fileRef = 07CD4BF418DA2A90007B1CD1 /* Foundation.framework */; };
		07CD4BF718DA2A90007B1CD1 /* CoreGraphics.framework in Frameworks */ = {isa = PBXBuildFile; fileRef = 07CD4BF618DA2A90007B1CD1 /* CoreGraphics.framework */; };
		07CD4BF918DA2A90007B1CD1 /* UIKit.framework in Frameworks */ = {isa = PBXBuildFile; fileRef = 07CD4BF818DA2A90007B1CD1 /* UIKit.framework */; };
		07CD4BFF18DA2A90007B1CD1 /* InfoPlist.strings in Resources */ = {isa = PBXBuildFile; fileRef = 07CD4BFD18DA2A90007B1CD1 /* InfoPlist.strings */; };
		07CD4C0118DA2A90007B1CD1 /* main.m in Sources */ = {isa = PBXBuildFile; fileRef = 07CD4C0018DA2A90007B1CD1 /* main.m */; };
		07CD4C0518DA2A90007B1CD1 /* DSAppDelegate.m in Sources */ = {isa = PBXBuildFile; fileRef = 07CD4C0418DA2A90007B1CD1 /* DSAppDelegate.m */; };
		07CD4C0818DA2A90007B1CD1 /* Main.storyboard in Resources */ = {isa = PBXBuildFile; fileRef = 07CD4C0618DA2A90007B1CD1 /* Main.storyboard */; };
		07CD4C0B18DA2A90007B1CD1 /* DSViewController.m in Sources */ = {isa = PBXBuildFile; fileRef = 07CD4C0A18DA2A90007B1CD1 /* DSViewController.m */; };
		07CD4C0D18DA2A90007B1CD1 /* Images.xcassets in Resources */ = {isa = PBXBuildFile; fileRef = 07CD4C0C18DA2A90007B1CD1 /* Images.xcassets */; };
		07CD4C1418DA2A90007B1CD1 /* XCTest.framework in Frameworks */ = {isa = PBXBuildFile; fileRef = 07CD4C1318DA2A90007B1CD1 /* XCTest.framework */; };
		07CD4C1518DA2A90007B1CD1 /* Foundation.framework in Frameworks */ = {isa = PBXBuildFile; fileRef = 07CD4BF418DA2A90007B1CD1 /* Foundation.framework */; };
		07CD4C1618DA2A90007B1CD1 /* UIKit.framework in Frameworks */ = {isa = PBXBuildFile; fileRef = 07CD4BF818DA2A90007B1CD1 /* UIKit.framework */; };
		07CD4C1E18DA2A90007B1CD1 /* InfoPlist.strings in Resources */ = {isa = PBXBuildFile; fileRef = 07CD4C1C18DA2A90007B1CD1 /* InfoPlist.strings */; };
		07CD4C2018DA2A90007B1CD1 /* FarkleTests.m in Sources */ = {isa = PBXBuildFile; fileRef = 07CD4C1F18DA2A90007B1CD1 /* FarkleTests.m */; };
		07CD4C2A18DA2AB2007B1CD1 /* CheckMate.framework in Frameworks */ = {isa = PBXBuildFile; fileRef = 07CD4C2918DA2AB2007B1CD1 /* CheckMate.framework */; };
		07CD4C2D18DA2E01007B1CD1 /* DieLabel.m in Sources */ = {isa = PBXBuildFile; fileRef = 07CD4C2C18DA2E01007B1CD1 /* DieLabel.m */; };
/* End PBXBuildFile section */

/* Begin PBXContainerItemProxy section */
		07CD4C1718DA2A90007B1CD1 /* PBXContainerItemProxy */ = {
			isa = PBXContainerItemProxy;
			containerPortal = 07CD4BE918DA2A90007B1CD1 /* Project object */;
			proxyType = 1;
			remoteGlobalIDString = 07CD4BF018DA2A90007B1CD1;
			remoteInfo = Farkle;
		};
/* End PBXContainerItemProxy section */

/* Begin PBXFileReference section */
		07CD4BF118DA2A90007B1CD1 /* Farkle.app */ = {isa = PBXFileReference; explicitFileType = wrapper.application; includeInIndex = 0; path = Farkle.app; sourceTree = BUILT_PRODUCTS_DIR; };
		07CD4BF418DA2A90007B1CD1 /* Foundation.framework */ = {isa = PBXFileReference; lastKnownFileType = wrapper.framework; name = Foundation.framework; path = System/Library/Frameworks/Foundation.framework; sourceTree = SDKROOT; };
		07CD4BF618DA2A90007B1CD1 /* CoreGraphics.framework */ = {isa = PBXFileReference; lastKnownFileType = wrapper.framework; name = CoreGraphics.framework; path = System/Library/Frameworks/CoreGraphics.framework; sourceTree = SDKROOT; };
		07CD4BF818DA2A90007B1CD1 /* UIKit.framework */ = {isa = PBXFileReference; lastKnownFileType = wrapper.framework; name = UIKit.framework; path = System/Library/Frameworks/UIKit.framework; sourceTree = SDKROOT; };
		07CD4BFC18DA2A90007B1CD1 /* Farkle-Info.plist */ = {isa = PBXFileReference; lastKnownFileType = text.plist.xml; path = "Farkle-Info.plist"; sourceTree = "<group>"; };
		07CD4BFE18DA2A90007B1CD1 /* en */ = {isa = PBXFileReference; lastKnownFileType = text.plist.strings; name = en; path = en.lproj/InfoPlist.strings; sourceTree = "<group>"; };
		07CD4C0018DA2A90007B1CD1 /* main.m */ = {isa = PBXFileReference; lastKnownFileType = sourcecode.c.objc; path = main.m; sourceTree = "<group>"; };
		07CD4C0218DA2A90007B1CD1 /* Farkle-Prefix.pch */ = {isa = PBXFileReference; lastKnownFileType = sourcecode.c.h; path = "Farkle-Prefix.pch"; sourceTree = "<group>"; };
		07CD4C0318DA2A90007B1CD1 /* DSAppDelegate.h */ = {isa = PBXFileReference; lastKnownFileType = sourcecode.c.h; path = DSAppDelegate.h; sourceTree = "<group>"; };
		07CD4C0418DA2A90007B1CD1 /* DSAppDelegate.m */ = {isa = PBXFileReference; lastKnownFileType = sourcecode.c.objc; path = DSAppDelegate.m; sourceTree = "<group>"; };
		07CD4C0718DA2A90007B1CD1 /* Base */ = {isa = PBXFileReference; lastKnownFileType = file.storyboard; name = Base; path = Base.lproj/Main.storyboard; sourceTree = "<group>"; };
		07CD4C0918DA2A90007B1CD1 /* DSViewController.h */ = {isa = PBXFileReference; lastKnownFileType = sourcecode.c.h; path = DSViewController.h; sourceTree = "<group>"; };
		07CD4C0A18DA2A90007B1CD1 /* DSViewController.m */ = {isa = PBXFileReference; lastKnownFileType = sourcecode.c.objc; path = DSViewController.m; sourceTree = "<group>"; };
		07CD4C0C18DA2A90007B1CD1 /* Images.xcassets */ = {isa = PBXFileReference; lastKnownFileType = folder.assetcatalog; path = Images.xcassets; sourceTree = "<group>"; };
		07CD4C1218DA2A90007B1CD1 /* FarkleTests.xctest */ = {isa = PBXFileReference; explicitFileType = wrapper.cfbundle; includeInIndex = 0; path = FarkleTests.xctest; sourceTree = BUILT_PRODUCTS_DIR; };
		07CD4C1318DA2A90007B1CD1 /* XCTest.framework */ = {isa = PBXFileReference; lastKnownFileType = wrapper.framework; name = XCTest.framework; path = Library/Frameworks/XCTest.framework; sourceTree = DEVELOPER_DIR; };
		07CD4C1B18DA2A90007B1CD1 /* FarkleTests-Info.plist */ = {isa = PBXFileReference; lastKnownFileType = text.plist.xml; path = "FarkleTests-Info.plist"; sourceTree = "<group>"; };
		07CD4C1D18DA2A90007B1CD1 /* en */ = {isa = PBXFileReference; lastKnownFileType = text.plist.strings; name = en; path = en.lproj/InfoPlist.strings; sourceTree = "<group>"; };
		07CD4C1F18DA2A90007B1CD1 /* FarkleTests.m */ = {isa = PBXFileReference; lastKnownFileType = sourcecode.c.objc; path = FarkleTests.m; sourceTree = "<group>"; };
		07CD4C2918DA2AB2007B1CD1 /* CheckMate.framework */ = {isa = PBXFileReference; lastKnownFileType = wrapper.framework; path = CheckMate.framework; sourceTree = "<group>"; };
		07CD4C2B18DA2E01007B1CD1 /* DieLabel.h */ = {isa = PBXFileReference; fileEncoding = 4; lastKnownFileType = sourcecode.c.h; path = DieLabel.h; sourceTree = "<group>"; };
		07CD4C2C18DA2E01007B1CD1 /* DieLabel.m */ = {isa = PBXFileReference; fileEncoding = 4; lastKnownFileType = sourcecode.c.objc; path = DieLabel.m; sourceTree = "<group>"; };
		07CD4C2E18DA4001007B1CD1 /* DieLabelDelegate.h */ = {isa = PBXFileReference; lastKnownFileType = sourcecode.c.h; path = DieLabelDelegate.h; sourceTree = "<group>"; };
/* End PBXFileReference section */

/* Begin PBXFrameworksBuildPhase section */
		07CD4BEE18DA2A90007B1CD1 /* Frameworks */ = {
			isa = PBXFrameworksBuildPhase;
			buildActionMask = 2147483647;
			files = (
				07CD4C2A18DA2AB2007B1CD1 /* CheckMate.framework in Frameworks */,
				07CD4BF718DA2A90007B1CD1 /* CoreGraphics.framework in Frameworks */,
				07CD4BF918DA2A90007B1CD1 /* UIKit.framework in Frameworks */,
				07CD4BF518DA2A90007B1CD1 /* Foundation.framework in Frameworks */,
			);
			runOnlyForDeploymentPostprocessing = 0;
		};
		07CD4C0F18DA2A90007B1CD1 /* Frameworks */ = {
			isa = PBXFrameworksBuildPhase;
			buildActionMask = 2147483647;
			files = (
				07CD4C1418DA2A90007B1CD1 /* XCTest.framework in Frameworks */,
				07CD4C1618DA2A90007B1CD1 /* UIKit.framework in Frameworks */,
				07CD4C1518DA2A90007B1CD1 /* Foundation.framework in Frameworks */,
			);
			runOnlyForDeploymentPostprocessing = 0;
		};
/* End PBXFrameworksBuildPhase section */

/* Begin PBXGroup section */
		07CD4BE818DA2A90007B1CD1 = {
			isa = PBXGroup;
			children = (
				07CD4BFA18DA2A90007B1CD1 /* Farkle */,
				07CD4C1918DA2A90007B1CD1 /* FarkleTests */,
				07CD4BF318DA2A90007B1CD1 /* Frameworks */,
				07CD4BF218DA2A90007B1CD1 /* Products */,
			);
			sourceTree = "<group>";
		};
		07CD4BF218DA2A90007B1CD1 /* Products */ = {
			isa = PBXGroup;
			children = (
				07CD4BF118DA2A90007B1CD1 /* Farkle.app */,
				07CD4C1218DA2A90007B1CD1 /* FarkleTests.xctest */,
			);
			name = Products;
			sourceTree = "<group>";
		};
		07CD4BF318DA2A90007B1CD1 /* Frameworks */ = {
			isa = PBXGroup;
			children = (
				07CD4C2918DA2AB2007B1CD1 /* CheckMate.framework */,
				07CD4BF418DA2A90007B1CD1 /* Foundation.framework */,
				07CD4BF618DA2A90007B1CD1 /* CoreGraphics.framework */,
				07CD4BF818DA2A90007B1CD1 /* UIKit.framework */,
				07CD4C1318DA2A90007B1CD1 /* XCTest.framework */,
			);
			name = Frameworks;
			sourceTree = "<group>";
		};
		07CD4BFA18DA2A90007B1CD1 /* Farkle */ = {
			isa = PBXGroup;
			children = (
				07CD4C0318DA2A90007B1CD1 /* DSAppDelegate.h */,
				07CD4C0418DA2A90007B1CD1 /* DSAppDelegate.m */,
				07CD4C0618DA2A90007B1CD1 /* Main.storyboard */,
				07CD4C0918DA2A90007B1CD1 /* DSViewController.h */,
				07CD4C0A18DA2A90007B1CD1 /* DSViewController.m */,
				07CD4C0C18DA2A90007B1CD1 /* Images.xcassets */,
				07CD4BFB18DA2A90007B1CD1 /* Supporting Files */,
				07CD4C2B18DA2E01007B1CD1 /* DieLabel.h */,
				07CD4C2C18DA2E01007B1CD1 /* DieLabel.m */,
				07CD4C2E18DA4001007B1CD1 /* DieLabelDelegate.h */,
			);
			path = Farkle;
			sourceTree = "<group>";
		};
		07CD4BFB18DA2A90007B1CD1 /* Supporting Files */ = {
			isa = PBXGroup;
			children = (
				07CD4BFC18DA2A90007B1CD1 /* Farkle-Info.plist */,
				07CD4BFD18DA2A90007B1CD1 /* InfoPlist.strings */,
				07CD4C0018DA2A90007B1CD1 /* main.m */,
				07CD4C0218DA2A90007B1CD1 /* Farkle-Prefix.pch */,
			);
			name = "Supporting Files";
			sourceTree = "<group>";
		};
		07CD4C1918DA2A90007B1CD1 /* FarkleTests */ = {
			isa = PBXGroup;
			children = (
				07CD4C1F18DA2A90007B1CD1 /* FarkleTests.m */,
				07CD4C1A18DA2A90007B1CD1 /* Supporting Files */,
			);
			path = FarkleTests;
			sourceTree = "<group>";
		};
		07CD4C1A18DA2A90007B1CD1 /* Supporting Files */ = {
			isa = PBXGroup;
			children = (
				07CD4C1B18DA2A90007B1CD1 /* FarkleTests-Info.plist */,
				07CD4C1C18DA2A90007B1CD1 /* InfoPlist.strings */,
			);
			name = "Supporting Files";
			sourceTree = "<group>";
		};
/* End PBXGroup section */

/* Begin PBXNativeTarget section */
		07CD4BF018DA2A90007B1CD1 /* Farkle */ = {
			isa = PBXNativeTarget;
			buildConfigurationList = 07CD4C2318DA2A90007B1CD1 /* Build configuration list for PBXNativeTarget "Farkle" */;
			buildPhases = (
				07CD4BED18DA2A90007B1CD1 /* Sources */,
				07CD4BEE18DA2A90007B1CD1 /* Frameworks */,
				07CD4BEF18DA2A90007B1CD1 /* Resources */,
			);
			buildRules = (
			);
			dependencies = (
			);
			name = Farkle;
			productName = Farkle;
			productReference = 07CD4BF118DA2A90007B1CD1 /* Farkle.app */;
			productType = "com.apple.product-type.application";
		};
		07CD4C1118DA2A90007B1CD1 /* FarkleTests */ = {
			isa = PBXNativeTarget;
			buildConfigurationList = 07CD4C2618DA2A90007B1CD1 /* Build configuration list for PBXNativeTarget "FarkleTests" */;
			buildPhases = (
				07CD4C0E18DA2A90007B1CD1 /* Sources */,
				07CD4C0F18DA2A90007B1CD1 /* Frameworks */,
				07CD4C1018DA2A90007B1CD1 /* Resources */,
			);
			buildRules = (
			);
			dependencies = (
				07CD4C1818DA2A90007B1CD1 /* PBXTargetDependency */,
			);
			name = FarkleTests;
			productName = FarkleTests;
			productReference = 07CD4C1218DA2A90007B1CD1 /* FarkleTests.xctest */;
			productType = "com.apple.product-type.bundle.unit-test";
		};
/* End PBXNativeTarget section */

/* Begin PBXProject section */
		07CD4BE918DA2A90007B1CD1 /* Project object */ = {
			isa = PBXProject;
			attributes = {
				CLASSPREFIX = DS;
				LastUpgradeCheck = 0510;
				ORGANIZATIONNAME = "Dan Szeezil";
				TargetAttributes = {
					07CD4C1118DA2A90007B1CD1 = {
						TestTargetID = 07CD4BF018DA2A90007B1CD1;
					};
				};
			};
			buildConfigurationList = 07CD4BEC18DA2A90007B1CD1 /* Build configuration list for PBXProject "Farkle" */;
			compatibilityVersion = "Xcode 3.2";
			developmentRegion = English;
			hasScannedForEncodings = 0;
			knownRegions = (
				en,
				Base,
			);
			mainGroup = 07CD4BE818DA2A90007B1CD1;
			productRefGroup = 07CD4BF218DA2A90007B1CD1 /* Products */;
			projectDirPath = "";
			projectRoot = "";
			targets = (
				07CD4BF018DA2A90007B1CD1 /* Farkle */,
				07CD4C1118DA2A90007B1CD1 /* FarkleTests */,
			);
		};
/* End PBXProject section */

/* Begin PBXResourcesBuildPhase section */
		07CD4BEF18DA2A90007B1CD1 /* Resources */ = {
			isa = PBXResourcesBuildPhase;
			buildActionMask = 2147483647;
			files = (
				07CD4C0D18DA2A90007B1CD1 /* Images.xcassets in Resources */,
				07CD4BFF18DA2A90007B1CD1 /* InfoPlist.strings in Resources */,
				07CD4C0818DA2A90007B1CD1 /* Main.storyboard in Resources */,
			);
			runOnlyForDeploymentPostprocessing = 0;
		};
		07CD4C1018DA2A90007B1CD1 /* Resources */ = {
			isa = PBXResourcesBuildPhase;
			buildActionMask = 2147483647;
			files = (
				07CD4C1E18DA2A90007B1CD1 /* InfoPlist.strings in Resources */,
			);
			runOnlyForDeploymentPostprocessing = 0;
		};
/* End PBXResourcesBuildPhase section */

/* Begin PBXSourcesBuildPhase section */
		07CD4BED18DA2A90007B1CD1 /* Sources */ = {
			isa = PBXSourcesBuildPhase;
			buildActionMask = 2147483647;
			files = (
				07CD4C0118DA2A90007B1CD1 /* main.m in Sources */,
				07CD4C0B18DA2A90007B1CD1 /* DSViewController.m in Sources */,
				07CD4C0518DA2A90007B1CD1 /* DSAppDelegate.m in Sources */,
				07CD4C2D18DA2E01007B1CD1 /* DieLabel.m in Sources */,
			);
			runOnlyForDeploymentPostprocessing = 0;
		};
		07CD4C0E18DA2A90007B1CD1 /* Sources */ = {
			isa = PBXSourcesBuildPhase;
			buildActionMask = 2147483647;
			files = (
				07CD4C2018DA2A90007B1CD1 /* FarkleTests.m in Sources */,
			);
			runOnlyForDeploymentPostprocessing = 0;
		};
/* End PBXSourcesBuildPhase section */

/* Begin PBXTargetDependency section */
		07CD4C1818DA2A90007B1CD1 /* PBXTargetDependency */ = {
			isa = PBXTargetDependency;
			target = 07CD4BF018DA2A90007B1CD1 /* Farkle */;
			targetProxy = 07CD4C1718DA2A90007B1CD1 /* PBXContainerItemProxy */;
		};
/* End PBXTargetDependency section */

/* Begin PBXVariantGroup section */
		07CD4BFD18DA2A90007B1CD1 /* InfoPlist.strings */ = {
			isa = PBXVariantGroup;
			children = (
				07CD4BFE18DA2A90007B1CD1 /* en */,
			);
			name = InfoPlist.strings;
			sourceTree = "<group>";
		};
		07CD4C0618DA2A90007B1CD1 /* Main.storyboard */ = {
			isa = PBXVariantGroup;
			children = (
				07CD4C0718DA2A90007B1CD1 /* Base */,
			);
			name = Main.storyboard;
			sourceTree = "<group>";
		};
		07CD4C1C18DA2A90007B1CD1 /* InfoPlist.strings */ = {
			isa = PBXVariantGroup;
			children = (
				07CD4C1D18DA2A90007B1CD1 /* en */,
			);
			name = InfoPlist.strings;
			sourceTree = "<group>";
		};
/* End PBXVariantGroup section */

/* Begin XCBuildConfiguration section */
		07CD4C2118DA2A90007B1CD1 /* Debug */ = {
			isa = XCBuildConfiguration;
			buildSettings = {
				ALWAYS_SEARCH_USER_PATHS = NO;
				CLANG_CXX_LANGUAGE_STANDARD = "gnu++0x";
				CLANG_CXX_LIBRARY = "libc++";
				CLANG_ENABLE_MODULES = YES;
				CLANG_ENABLE_OBJC_ARC = YES;
				CLANG_WARN_BOOL_CONVERSION = YES;
				CLANG_WARN_CONSTANT_CONVERSION = YES;
				CLANG_WARN_DIRECT_OBJC_ISA_USAGE = YES_ERROR;
				CLANG_WARN_EMPTY_BODY = YES;
				CLANG_WARN_ENUM_CONVERSION = YES;
				CLANG_WARN_INT_CONVERSION = YES;
				CLANG_WARN_OBJC_ROOT_CLASS = YES_ERROR;
				CLANG_WARN__DUPLICATE_METHOD_MATCH = YES;
				"CODE_SIGN_IDENTITY[sdk=iphoneos*]" = "iPhone Developer";
				COPY_PHASE_STRIP = NO;
				GCC_C_LANGUAGE_STANDARD = gnu99;
				GCC_DYNAMIC_NO_PIC = NO;
				GCC_OPTIMIZATION_LEVEL = 0;
				GCC_PREPROCESSOR_DEFINITIONS = (
					"DEBUG=1",
					"$(inherited)",
				);
				GCC_SYMBOLS_PRIVATE_EXTERN = NO;
				GCC_WARN_64_TO_32_BIT_CONVERSION = YES;
				GCC_WARN_ABOUT_RETURN_TYPE = YES_ERROR;
				GCC_WARN_UNDECLARED_SELECTOR = YES;
				GCC_WARN_UNINITIALIZED_AUTOS = YES_AGGRESSIVE;
				GCC_WARN_UNUSED_FUNCTION = YES;
				GCC_WARN_UNUSED_VARIABLE = YES;
				IPHONEOS_DEPLOYMENT_TARGET = 7.1;
				ONLY_ACTIVE_ARCH = YES;
				SDKROOT = iphoneos;
			};
			name = Debug;
		};
		07CD4C2218DA2A90007B1CD1 /* Release */ = {
			isa = XCBuildConfiguration;
			buildSettings = {
				ALWAYS_SEARCH_USER_PATHS = NO;
				CLANG_CXX_LANGUAGE_STANDARD = "gnu++0x";
				CLANG_CXX_LIBRARY = "libc++";
				CLANG_ENABLE_MODULES = YES;
				CLANG_ENABLE_OBJC_ARC = YES;
				CLANG_WARN_BOOL_CONVERSION = YES;
				CLANG_WARN_CONSTANT_CONVERSION = YES;
				CLANG_WARN_DIRECT_OBJC_ISA_USAGE = YES_ERROR;
				CLANG_WARN_EMPTY_BODY = YES;
				CLANG_WARN_ENUM_CONVERSION = YES;
				CLANG_WARN_INT_CONVERSION = YES;
				CLANG_WARN_OBJC_ROOT_CLASS = YES_ERROR;
				CLANG_WARN__DUPLICATE_METHOD_MATCH = YES;
				"CODE_SIGN_IDENTITY[sdk=iphoneos*]" = "iPhone Developer";
				COPY_PHASE_STRIP = YES;
				ENABLE_NS_ASSERTIONS = NO;
				GCC_C_LANGUAGE_STANDARD = gnu99;
				GCC_WARN_64_TO_32_BIT_CONVERSION = YES;
				GCC_WARN_ABOUT_RETURN_TYPE = YES_ERROR;
				GCC_WARN_UNDECLARED_SELECTOR = YES;
				GCC_WARN_UNINITIALIZED_AUTOS = YES_AGGRESSIVE;
				GCC_WARN_UNUSED_FUNCTION = YES;
				GCC_WARN_UNUSED_VARIABLE = YES;
				IPHONEOS_DEPLOYMENT_TARGET = 7.1;
				SDKROOT = iphoneos;
				VALIDATE_PRODUCT = YES;
			};
			name = Release;
		};
		07CD4C2418DA2A90007B1CD1 /* Debug */ = {
			isa = XCBuildConfiguration;
			buildSettings = {
				ASSETCATALOG_COMPILER_APPICON_NAME = AppIcon;
				ASSETCATALOG_COMPILER_LAUNCHIMAGE_NAME = LaunchImage;
				FRAMEWORK_SEARCH_PATHS = (
					"$(inherited)",
					"$(PROJECT_DIR)",
				);
				GCC_PRECOMPILE_PREFIX_HEADER = YES;
				GCC_PREFIX_HEADER = "Farkle/Farkle-Prefix.pch";
				INFOPLIST_FILE = "Farkle/Farkle-Info.plist";
				PRODUCT_NAME = "$(TARGET_NAME)";
				WRAPPER_EXTENSION = app;
			};
			name = Debug;
		};
		07CD4C2518DA2A90007B1CD1 /* Release */ = {
			isa = XCBuildConfiguration;
			buildSettings = {
				ASSETCATALOG_COMPILER_APPICON_NAME = AppIcon;
				ASSETCATALOG_COMPILER_LAUNCHIMAGE_NAME = LaunchImage;
				FRAMEWORK_SEARCH_PATHS = (
					"$(inherited)",
					"$(PROJECT_DIR)",
				);
				GCC_PRECOMPILE_PREFIX_HEADER = YES;
				GCC_PREFIX_HEADER = "Farkle/Farkle-Prefix.pch";
				INFOPLIST_FILE = "Farkle/Farkle-Info.plist";
				PRODUCT_NAME = "$(TARGET_NAME)";
				WRAPPER_EXTENSION = app;
			};
			name = Release;
		};
		07CD4C2718DA2A90007B1CD1 /* Debug */ = {
			isa = XCBuildConfiguration;
			buildSettings = {
				BUNDLE_LOADER = "$(BUILT_PRODUCTS_DIR)/Farkle.app/Farkle";
				FRAMEWORK_SEARCH_PATHS = (
					"$(SDKROOT)/Developer/Library/Frameworks",
					"$(inherited)",
					"$(DEVELOPER_FRAMEWORKS_DIR)",
				);
				GCC_PRECOMPILE_PREFIX_HEADER = YES;
				GCC_PREFIX_HEADER = "Farkle/Farkle-Prefix.pch";
				GCC_PREPROCESSOR_DEFINITIONS = (
					"DEBUG=1",
					"$(inherited)",
				);
				INFOPLIST_FILE = "FarkleTests/FarkleTests-Info.plist";
				PRODUCT_NAME = "$(TARGET_NAME)";
				TEST_HOST = "$(BUNDLE_LOADER)";
				WRAPPER_EXTENSION = xctest;
			};
			name = Debug;
		};
		07CD4C2818DA2A90007B1CD1 /* Release */ = {
			isa = XCBuildConfiguration;
			buildSettings = {
				BUNDLE_LOADER = "$(BUILT_PRODUCTS_DIR)/Farkle.app/Farkle";
				FRAMEWORK_SEARCH_PATHS = (
					"$(SDKROOT)/Developer/Library/Frameworks",
					"$(inherited)",
					"$(DEVELOPER_FRAMEWORKS_DIR)",
				);
				GCC_PRECOMPILE_PREFIX_HEADER = YES;
				GCC_PREFIX_HEADER = "Farkle/Farkle-Prefix.pch";
				INFOPLIST_FILE = "FarkleTests/FarkleTests-Info.plist";
				PRODUCT_NAME = "$(TARGET_NAME)";
				TEST_HOST = "$(BUNDLE_LOADER)";
				WRAPPER_EXTENSION = xctest;
			};
			name = Release;
		};
/* End XCBuildConfiguration section */

/* Begin XCConfigurationList section */
		07CD4BEC18DA2A90007B1CD1 /* Build configuration list for PBXProject "Farkle" */ = {
			isa = XCConfigurationList;
			buildConfigurations = (
				07CD4C2118DA2A90007B1CD1 /* Debug */,
				07CD4C2218DA2A90007B1CD1 /* Release */,
			);
			defaultConfigurationIsVisible = 0;
			defaultConfigurationName = Release;
		};
		07CD4C2318DA2A90007B1CD1 /* Build configuration list for PBXNativeTarget "Farkle" */ = {
			isa = XCConfigurationList;
			buildConfigurations = (
				07CD4C2418DA2A90007B1CD1 /* Debug */,
				07CD4C2518DA2A90007B1CD1 /* Release */,
			);
			defaultConfigurationIsVisible = 0;
		};
		07CD4C2618DA2A90007B1CD1 /* Build configuration list for PBXNativeTarget "FarkleTests" */ = {
			isa = XCConfigurationList;
			buildConfigurations = (
				07CD4C2718DA2A90007B1CD1 /* Debug */,
				07CD4C2818DA2A90007B1CD1 /* Release */,
			);
			defaultConfigurationIsVisible = 0;
		};
/* End XCConfigurationList section */
	};
	rootObject = 07CD4BE918DA2A90007B1CD1 /* Project object */;
}
